
Microsoft Visual Studio Solution File, Format Version 12.00
# Visual Studio 15
VisualStudioVersion = 15.0.26430.14
MinimumVisualStudioVersion = 10.0.40219.1
Project("{9A19103F-16F7-4668-BE54-9A1E7A4F7556}") = "WideWorldImporters.Common.Lib", "WideWorldImporters.Common.Lib\WideWorldImporters.Common.Lib.csproj", "{A8F08D7F-9235-4E86-9079-65A9B4924436}"
EndProject
Project("{E53339B2-1760-4266-BCC7-CA923CBCF16C}") = "docker-compose", "docker-compose.dcproj", "{A8717E2A-08E7-4236-BEDF-67182ECA342E}"
EndProject
Project("{9A19103F-16F7-4668-BE54-9A1E7A4F7556}") = "WideWorldImporters.SalesService.App", "WideWorldImporters.SalesService.App\WideWorldImporters.SalesService.App.csproj", "{1AA55C6B-A660-4E70-975F-EDB18C5E2A31}"
EndProject
Project("{FAE04EC0-301F-11D3-BF4B-00C04F79EFBC}") = "WorldWideImporters.SalesService.App.Test", "WorldWideImporters.SalesService.App.Test\WorldWideImporters.SalesService.App.Test.csproj", "{758DAED5-0753-40BE-94C2-20FF9EC0CD88}"
EndProject
Global
	GlobalSection(SolutionConfigurationPlatforms) = preSolution
		Debug|Any CPU = Debug|Any CPU
		Release|Any CPU = Release|Any CPU
	EndGlobalSection
	GlobalSection(ProjectConfigurationPlatforms) = postSolution
		{A8F08D7F-9235-4E86-9079-65A9B4924436}.Debug|Any CPU.ActiveCfg = Debug|Any CPU
		{A8F08D7F-9235-4E86-9079-65A9B4924436}.Debug|Any CPU.Build.0 = Debug|Any CPU
		{A8F08D7F-9235-4E86-9079-65A9B4924436}.Release|Any CPU.ActiveCfg = Release|Any CPU
		{A8F08D7F-9235-4E86-9079-65A9B4924436}.Release|Any CPU.Build.0 = Release|Any CPU
		{A8717E2A-08E7-4236-BEDF-67182ECA342E}.Debug|Any CPU.ActiveCfg = Debug|Any CPU
		{A8717E2A-08E7-4236-BEDF-67182ECA342E}.Debug|Any CPU.Build.0 = Debug|Any CPU
		{A8717E2A-08E7-4236-BEDF-67182ECA342E}.Release|Any CPU.ActiveCfg = Release|Any CPU
		{A8717E2A-08E7-4236-BEDF-67182ECA342E}.Release|Any CPU.Build.0 = Release|Any CPU
		{1AA55C6B-A660-4E70-975F-EDB18C5E2A31}.Debug|Any CPU.ActiveCfg = Debug|Any CPU
		{1AA55C6B-A660-4E70-975F-EDB18C5E2A31}.Debug|Any CPU.Build.0 = Debug|Any CPU
		{1AA55C6B-A660-4E70-975F-EDB18C5E2A31}.Release|Any CPU.ActiveCfg = Release|Any CPU
		{1AA55C6B-A660-4E70-975F-EDB18C5E2A31}.Release|Any CPU.Build.0 = Release|Any CPU
		{758DAED5-0753-40BE-94C2-20FF9EC0CD88}.Debug|Any CPU.ActiveCfg = Debug|Any CPU
		{758DAED5-0753-40BE-94C2-20FF9EC0CD88}.Debug|Any CPU.Build.0 = Debug|Any CPU
		{758DAED5-0753-40BE-94C2-20FF9EC0CD88}.Release|Any CPU.ActiveCfg = Release|Any CPU
		{758DAED5-0753-40BE-94C2-20FF9EC0CD88}.Release|Any CPU.Build.0 = Release|Any CPU
	EndGlobalSection
	GlobalSection(SolutionProperties) = preSolution
		HideSolutionNode = FALSE
	EndGlobalSection
EndGlobal
