
Microsoft Visual Studio Solution File, Format Version 12.00
# Visual Studio 15
VisualStudioVersion = 15.0.26430.14
MinimumVisualStudioVersion = 10.0.40219.1
Project("{9A19103F-16F7-4668-BE54-9A1E7A4F7556}") = "WideWorldImporters.Common.Lib", "WideWorldImporters.Common.Lib\WideWorldImporters.Common.Lib.csproj", "{A8F08D7F-9235-4E86-9079-65A9B4924436}"
EndProject
Project("{9A19103F-16F7-4668-BE54-9A1E7A4F7556}") = "WideWorldImporters.OrdersService.App", "WideWorldImporters.OrdersService.App\WideWorldImporters.OrdersService.App.csproj", "{E3FE4003-9DF5-4167-8231-3FD9974BB129}"
EndProject
Global
	GlobalSection(SolutionConfigurationPlatforms) = preSolution
		Debug|Any CPU = Debug|Any CPU
		Release|Any CPU = Release|Any CPU
	EndGlobalSection
	GlobalSection(ProjectConfigurationPlatforms) = postSolution
		{A8F08D7F-9235-4E86-9079-65A9B4924436}.Debug|Any CPU.ActiveCfg = Debug|Any CPU
		{A8F08D7F-9235-4E86-9079-65A9B4924436}.Debug|Any CPU.Build.0 = Debug|Any CPU
		{A8F08D7F-9235-4E86-9079-65A9B4924436}.Release|Any CPU.ActiveCfg = Release|Any CPU
		{A8F08D7F-9235-4E86-9079-65A9B4924436}.Release|Any CPU.Build.0 = Release|Any CPU
		{E3FE4003-9DF5-4167-8231-3FD9974BB129}.Debug|Any CPU.ActiveCfg = Debug|Any CPU
		{E3FE4003-9DF5-4167-8231-3FD9974BB129}.Debug|Any CPU.Build.0 = Debug|Any CPU
		{E3FE4003-9DF5-4167-8231-3FD9974BB129}.Release|Any CPU.ActiveCfg = Release|Any CPU
		{E3FE4003-9DF5-4167-8231-3FD9974BB129}.Release|Any CPU.Build.0 = Release|Any CPU
	EndGlobalSection
	GlobalSection(SolutionProperties) = preSolution
		HideSolutionNode = FALSE
	EndGlobalSection
EndGlobal
